
Microsoft Visual Studio Solution File, Format Version 12.00
# Visual Studio Version 17
VisualStudioVersion = 17.4.33110.190
MinimumVisualStudioVersion = 10.0.40219.1
Project("{9A19103F-16F7-4668-BE54-9A1E7A4F7556}") = "MusicPlayer", "MusicPlayer\MusicPlayer.csproj", "{7C3EFC75-C03F-4B19-B527-2238272615FB}"
EndProject
Project("{2150E333-8FDC-42A3-9474-1A3956D46DE8}") = "Solution Items", "Solution Items", "{DE6363E8-B049-43CB-944E-ADACF4F0371A}"
	ProjectSection(SolutionItems) = preProject
		.editorconfig = .editorconfig
	EndProjectSection
EndProject
Global
	GlobalSection(SolutionConfigurationPlatforms) = preSolution
		Debug|Any CPU = Debug|Any CPU
		Release|Any CPU = Release|Any CPU
	EndGlobalSection
	GlobalSection(ProjectConfigurationPlatforms) = postSolution
		{7C3EFC75-C03F-4B19-B527-2238272615FB}.Debug|Any CPU.ActiveCfg = Debug|Any CPU
		{7C3EFC75-C03F-4B19-B527-2238272615FB}.Debug|Any CPU.Build.0 = Debug|Any CPU
		{7C3EFC75-C03F-4B19-B527-2238272615FB}.Release|Any CPU.ActiveCfg = Release|Any CPU
		{7C3EFC75-C03F-4B19-B527-2238272615FB}.Release|Any CPU.Build.0 = Release|Any CPU
	EndGlobalSection
	GlobalSection(SolutionProperties) = preSolution
		HideSolutionNode = FALSE
	EndGlobalSection
	GlobalSection(ExtensibilityGlobals) = postSolution
		SolutionGuid = {C35D8041-38CB-4D82-A236-2FB2FE6DC63C}
	EndGlobalSection
EndGlobal
